
Microsoft Visual Studio Solution File, Format Version 12.00
# Visual Studio Version 17
VisualStudioVersion = 17.9.34607.119
MinimumVisualStudioVersion = 10.0.40219.1
Project("{FAE04EC0-301F-11D3-BF4B-00C04F79EFBC}") = "evangelion", "evangelion\evangelion.csproj", "{1E498F2A-C11E-4997-9D45-786C28D05A26}"
EndProject
Global
	GlobalSection(SolutionConfigurationPlatforms) = preSolution
		Debug|Any CPU = Debug|Any CPU
		Release|Any CPU = Release|Any CPU
	EndGlobalSection
	GlobalSection(ProjectConfigurationPlatforms) = postSolution
		{1E498F2A-C11E-4997-9D45-786C28D05A26}.Debug|Any CPU.ActiveCfg = Debug|Any CPU
		{1E498F2A-C11E-4997-9D45-786C28D05A26}.Debug|Any CPU.Build.0 = Debug|Any CPU
		{1E498F2A-C11E-4997-9D45-786C28D05A26}.Release|Any CPU.ActiveCfg = Release|Any CPU
		{1E498F2A-C11E-4997-9D45-786C28D05A26}.Release|Any CPU.Build.0 = Release|Any CPU
	EndGlobalSection
	GlobalSection(SolutionProperties) = preSolution
		HideSolutionNode = FALSE
	EndGlobalSection
	GlobalSection(ExtensibilityGlobals) = postSolution
		SolutionGuid = {02EA433C-44AF-4192-9C0F-9C82F319FFBE}
	EndGlobalSection
EndGlobal
